
Microsoft Visual Studio Solution File, Format Version 12.00
# Visual Studio Version 17
VisualStudioVersion = 17.13.35913.81
MinimumVisualStudioVersion = 10.0.40219.1
Project("{9A19103F-16F7-4668-BE54-9A1E7A4F7556}") = "HotelGuru", "HotelGuru.csproj", "{48DF35F9-0878-4C5A-9E1D-8D1536D992D1}"
	ProjectSection(ProjectDependencies) = postProject
		{1AF0ED3A-DAAC-49F6-97C9-425743D13ED8} = {1AF0ED3A-DAAC-49F6-97C9-425743D13ED8}
		{57D611FD-4380-4427-AE05-3B00CD2FB301} = {57D611FD-4380-4427-AE05-3B00CD2FB301}
	EndProjectSection
EndProject
Project("{9A19103F-16F7-4668-BE54-9A1E7A4F7556}") = "HotelGuru.DataContext", "..\HotelGuru.DataContext\HotelGuru.DataContext.csproj", "{57D611FD-4380-4427-AE05-3B00CD2FB301}"
EndProject
Project("{FAE04EC0-301F-11D3-BF4B-00C04F79EFBC}") = "HotelGuru.Services", "..\HotelGuru.Services\HotelGuru.Services.csproj", "{1AF0ED3A-DAAC-49F6-97C9-425743D13ED8}"
EndProject
Global
	GlobalSection(SolutionConfigurationPlatforms) = preSolution
		Debug|Any CPU = Debug|Any CPU
		Release|Any CPU = Release|Any CPU
	EndGlobalSection
	GlobalSection(ProjectConfigurationPlatforms) = postSolution
		{48DF35F9-0878-4C5A-9E1D-8D1536D992D1}.Debug|Any CPU.ActiveCfg = Debug|Any CPU
		{48DF35F9-0878-4C5A-9E1D-8D1536D992D1}.Debug|Any CPU.Build.0 = Debug|Any CPU
		{48DF35F9-0878-4C5A-9E1D-8D1536D992D1}.Release|Any CPU.ActiveCfg = Release|Any CPU
		{48DF35F9-0878-4C5A-9E1D-8D1536D992D1}.Release|Any CPU.Build.0 = Release|Any CPU
		{57D611FD-4380-4427-AE05-3B00CD2FB301}.Debug|Any CPU.ActiveCfg = Debug|Any CPU
		{57D611FD-4380-4427-AE05-3B00CD2FB301}.Debug|Any CPU.Build.0 = Debug|Any CPU
		{57D611FD-4380-4427-AE05-3B00CD2FB301}.Release|Any CPU.ActiveCfg = Release|Any CPU
		{57D611FD-4380-4427-AE05-3B00CD2FB301}.Release|Any CPU.Build.0 = Release|Any CPU
		{1AF0ED3A-DAAC-49F6-97C9-425743D13ED8}.Debug|Any CPU.ActiveCfg = Debug|Any CPU
		{1AF0ED3A-DAAC-49F6-97C9-425743D13ED8}.Debug|Any CPU.Build.0 = Debug|Any CPU
		{1AF0ED3A-DAAC-49F6-97C9-425743D13ED8}.Release|Any CPU.ActiveCfg = Release|Any CPU
		{1AF0ED3A-DAAC-49F6-97C9-425743D13ED8}.Release|Any CPU.Build.0 = Release|Any CPU
	EndGlobalSection
	GlobalSection(SolutionProperties) = preSolution
		HideSolutionNode = FALSE
	EndGlobalSection
	GlobalSection(ExtensibilityGlobals) = postSolution
		SolutionGuid = {F557B30F-5E70-494F-BE87-8270A170F344}
	EndGlobalSection
EndGlobal
